
Microsoft Visual Studio Solution File, Format Version 12.00
# Visual Studio Version 17
VisualStudioVersion = 17.8.34330.188
MinimumVisualStudioVersion = 10.0.40219.1
Project("{FAE04EC0-301F-11D3-BF4B-00C04F79EFBC}") = "Q2", "Q2.csproj", "{539DF9C1-56A0-4D4C-8E92-E3CFCCB79AD4}"
EndProject
Global
	GlobalSection(SolutionConfigurationPlatforms) = preSolution
		Debug|Any CPU = Debug|Any CPU
		Release|Any CPU = Release|Any CPU
	EndGlobalSection
	GlobalSection(ProjectConfigurationPlatforms) = postSolution
		{539DF9C1-56A0-4D4C-8E92-E3CFCCB79AD4}.Debug|Any CPU.ActiveCfg = Debug|Any CPU
		{539DF9C1-56A0-4D4C-8E92-E3CFCCB79AD4}.Debug|Any CPU.Build.0 = Debug|Any CPU
		{539DF9C1-56A0-4D4C-8E92-E3CFCCB79AD4}.Release|Any CPU.ActiveCfg = Release|Any CPU
		{539DF9C1-56A0-4D4C-8E92-E3CFCCB79AD4}.Release|Any CPU.Build.0 = Release|Any CPU
	EndGlobalSection
	GlobalSection(SolutionProperties) = preSolution
		HideSolutionNode = FALSE
	EndGlobalSection
	GlobalSection(ExtensibilityGlobals) = postSolution
		SolutionGuid = {A9952B1E-79FB-4FEF-AF28-6D6C9BA3E79C}
	EndGlobalSection
EndGlobal
